
Microsoft Visual Studio Solution File, Format Version 12.00
# Visual Studio Version 16
VisualStudioVersion = 16.0.30406.217
MinimumVisualStudioVersion = 10.0.40219.1
Project("{888888A0-9F3D-457C-B088-3A5042F75D52}") = "No0305", "No0305\No0305.pyproj", "{187F029A-8AEC-4354-ADD4-1981DC88D10A}"
EndProject
Global
	GlobalSection(SolutionConfigurationPlatforms) = preSolution
		Debug|Any CPU = Debug|Any CPU
		Release|Any CPU = Release|Any CPU
	EndGlobalSection
	GlobalSection(ProjectConfigurationPlatforms) = postSolution
		{187F029A-8AEC-4354-ADD4-1981DC88D10A}.Debug|Any CPU.ActiveCfg = Debug|Any CPU
		{187F029A-8AEC-4354-ADD4-1981DC88D10A}.Release|Any CPU.ActiveCfg = Release|Any CPU
	EndGlobalSection
	GlobalSection(SolutionProperties) = preSolution
		HideSolutionNode = FALSE
	EndGlobalSection
	GlobalSection(ExtensibilityGlobals) = postSolution
		SolutionGuid = {CD0D2B2E-2DDD-4329-8ED3-2BAC03B9381B}
	EndGlobalSection
EndGlobal
