
Microsoft Visual Studio Solution File, Format Version 12.00
# Visual Studio Version 16
VisualStudioVersion = 16.0.30406.217
MinimumVisualStudioVersion = 10.0.40219.1
Project("{888888A0-9F3D-457C-B088-3A5042F75D52}") = "No0701", "No0701\No0701.pyproj", "{8F5C4F23-1827-4550-8515-215D38F21913}"
EndProject
Global
	GlobalSection(SolutionConfigurationPlatforms) = preSolution
		Debug|Any CPU = Debug|Any CPU
		Release|Any CPU = Release|Any CPU
	EndGlobalSection
	GlobalSection(ProjectConfigurationPlatforms) = postSolution
		{8F5C4F23-1827-4550-8515-215D38F21913}.Debug|Any CPU.ActiveCfg = Debug|Any CPU
		{8F5C4F23-1827-4550-8515-215D38F21913}.Release|Any CPU.ActiveCfg = Release|Any CPU
	EndGlobalSection
	GlobalSection(SolutionProperties) = preSolution
		HideSolutionNode = FALSE
	EndGlobalSection
	GlobalSection(ExtensibilityGlobals) = postSolution
		SolutionGuid = {F48C4A42-57A2-4AE5-8723-1E6D94972411}
	EndGlobalSection
EndGlobal
