
Microsoft Visual Studio Solution File, Format Version 12.00
# Visual Studio Version 16
VisualStudioVersion = 16.0.30406.217
MinimumVisualStudioVersion = 10.0.40219.1
Project("{888888A0-9F3D-457C-B088-3A5042F75D52}") = "No0504", "No0504\No0504.pyproj", "{380B82B0-967E-482E-A9CB-B3C3A8B27FB2}"
EndProject
Global
	GlobalSection(SolutionConfigurationPlatforms) = preSolution
		Debug|Any CPU = Debug|Any CPU
		Release|Any CPU = Release|Any CPU
	EndGlobalSection
	GlobalSection(ProjectConfigurationPlatforms) = postSolution
		{380B82B0-967E-482E-A9CB-B3C3A8B27FB2}.Debug|Any CPU.ActiveCfg = Debug|Any CPU
		{380B82B0-967E-482E-A9CB-B3C3A8B27FB2}.Release|Any CPU.ActiveCfg = Release|Any CPU
	EndGlobalSection
	GlobalSection(SolutionProperties) = preSolution
		HideSolutionNode = FALSE
	EndGlobalSection
	GlobalSection(ExtensibilityGlobals) = postSolution
		SolutionGuid = {67C22FD9-2EF4-46E7-9C4D-4AFBF1330642}
	EndGlobalSection
EndGlobal
