
Microsoft Visual Studio Solution File, Format Version 12.00
# Visual Studio Version 16
VisualStudioVersion = 16.0.30406.217
MinimumVisualStudioVersion = 10.0.40219.1
Project("{888888A0-9F3D-457C-B088-3A5042F75D52}") = "MyMain0712", "MyMain0712\MyMain0712.pyproj", "{BBB4E151-451D-44FF-A576-AC26BBFDB8F8}"
EndProject
Global
	GlobalSection(SolutionConfigurationPlatforms) = preSolution
		Debug|Any CPU = Debug|Any CPU
		Release|Any CPU = Release|Any CPU
	EndGlobalSection
	GlobalSection(ProjectConfigurationPlatforms) = postSolution
		{BBB4E151-451D-44FF-A576-AC26BBFDB8F8}.Debug|Any CPU.ActiveCfg = Debug|Any CPU
		{BBB4E151-451D-44FF-A576-AC26BBFDB8F8}.Release|Any CPU.ActiveCfg = Release|Any CPU
	EndGlobalSection
	GlobalSection(SolutionProperties) = preSolution
		HideSolutionNode = FALSE
	EndGlobalSection
	GlobalSection(ExtensibilityGlobals) = postSolution
		SolutionGuid = {1E51E5F3-BB3B-4737-AD5B-E505929D6CC0}
	EndGlobalSection
EndGlobal
