
Microsoft Visual Studio Solution File, Format Version 12.00
# Visual Studio Version 16
VisualStudioVersion = 16.0.30406.217
MinimumVisualStudioVersion = 10.0.40219.1
Project("{888888A0-9F3D-457C-B088-3A5042F75D52}") = "MyMain0909", "MyMain0909\MyMain0909.pyproj", "{F5EBDE2F-7FFE-46EF-BA80-6C57E4D26F65}"
EndProject
Global
	GlobalSection(SolutionConfigurationPlatforms) = preSolution
		Debug|Any CPU = Debug|Any CPU
		Release|Any CPU = Release|Any CPU
	EndGlobalSection
	GlobalSection(ProjectConfigurationPlatforms) = postSolution
		{F5EBDE2F-7FFE-46EF-BA80-6C57E4D26F65}.Debug|Any CPU.ActiveCfg = Debug|Any CPU
		{F5EBDE2F-7FFE-46EF-BA80-6C57E4D26F65}.Release|Any CPU.ActiveCfg = Release|Any CPU
	EndGlobalSection
	GlobalSection(SolutionProperties) = preSolution
		HideSolutionNode = FALSE
	EndGlobalSection
	GlobalSection(ExtensibilityGlobals) = postSolution
		SolutionGuid = {A9430AFF-F4A3-4E44-91BA-BF8E47DC480C}
	EndGlobalSection
EndGlobal
