
Microsoft Visual Studio Solution File, Format Version 12.00
# Visual Studio Version 16
VisualStudioVersion = 16.0.30406.217
MinimumVisualStudioVersion = 10.0.40219.1
Project("{888888A0-9F3D-457C-B088-3A5042F75D52}") = "No0503", "No0503\No0503.pyproj", "{8D5883DD-A1CA-400D-BB6A-5BE8C8B8EBC2}"
EndProject
Global
	GlobalSection(SolutionConfigurationPlatforms) = preSolution
		Debug|Any CPU = Debug|Any CPU
		Release|Any CPU = Release|Any CPU
	EndGlobalSection
	GlobalSection(ProjectConfigurationPlatforms) = postSolution
		{8D5883DD-A1CA-400D-BB6A-5BE8C8B8EBC2}.Debug|Any CPU.ActiveCfg = Debug|Any CPU
		{8D5883DD-A1CA-400D-BB6A-5BE8C8B8EBC2}.Release|Any CPU.ActiveCfg = Release|Any CPU
	EndGlobalSection
	GlobalSection(SolutionProperties) = preSolution
		HideSolutionNode = FALSE
	EndGlobalSection
	GlobalSection(ExtensibilityGlobals) = postSolution
		SolutionGuid = {E898CC7C-4CE0-40D5-8C9A-EFEF713972C0}
	EndGlobalSection
EndGlobal
