
Microsoft Visual Studio Solution File, Format Version 12.00
# Visual Studio Version 16
VisualStudioVersion = 16.0.30406.217
MinimumVisualStudioVersion = 10.0.40219.1
Project("{888888A0-9F3D-457C-B088-3A5042F75D52}") = "MyMain1112", "MyMain1112\MyMain1112.pyproj", "{1A9781AE-FEC4-4FE9-A8F5-0C5DF293F0D8}"
EndProject
Global
	GlobalSection(SolutionConfigurationPlatforms) = preSolution
		Debug|Any CPU = Debug|Any CPU
		Release|Any CPU = Release|Any CPU
	EndGlobalSection
	GlobalSection(ProjectConfigurationPlatforms) = postSolution
		{1A9781AE-FEC4-4FE9-A8F5-0C5DF293F0D8}.Debug|Any CPU.ActiveCfg = Debug|Any CPU
		{1A9781AE-FEC4-4FE9-A8F5-0C5DF293F0D8}.Release|Any CPU.ActiveCfg = Release|Any CPU
	EndGlobalSection
	GlobalSection(SolutionProperties) = preSolution
		HideSolutionNode = FALSE
	EndGlobalSection
	GlobalSection(ExtensibilityGlobals) = postSolution
		SolutionGuid = {9783C31A-8184-4902-A2E9-60ED1E342C47}
	EndGlobalSection
EndGlobal
