
Microsoft Visual Studio Solution File, Format Version 12.00
# Visual Studio Version 16
VisualStudioVersion = 16.0.30406.217
MinimumVisualStudioVersion = 10.0.40219.1
Project("{888888A0-9F3D-457C-B088-3A5042F75D52}") = "MyMain0622", "MyMain0622\MyMain0622.pyproj", "{E1E50E99-1A59-4748-822A-279264CDA71B}"
EndProject
Global
	GlobalSection(SolutionConfigurationPlatforms) = preSolution
		Debug|Any CPU = Debug|Any CPU
		Release|Any CPU = Release|Any CPU
	EndGlobalSection
	GlobalSection(ProjectConfigurationPlatforms) = postSolution
		{E1E50E99-1A59-4748-822A-279264CDA71B}.Debug|Any CPU.ActiveCfg = Debug|Any CPU
		{E1E50E99-1A59-4748-822A-279264CDA71B}.Release|Any CPU.ActiveCfg = Release|Any CPU
	EndGlobalSection
	GlobalSection(SolutionProperties) = preSolution
		HideSolutionNode = FALSE
	EndGlobalSection
	GlobalSection(ExtensibilityGlobals) = postSolution
		SolutionGuid = {70FDFBBD-6AF5-4331-B7C8-55373E207D4F}
	EndGlobalSection
EndGlobal
