
Microsoft Visual Studio Solution File, Format Version 12.00
# Visual Studio Version 16
VisualStudioVersion = 16.0.30406.217
MinimumVisualStudioVersion = 10.0.40219.1
Project("{888888A0-9F3D-457C-B088-3A5042F75D52}") = "MyMain0711", "MyMain0711\MyMain0711.pyproj", "{04363C81-D549-460D-AE0F-30EB1CCA669A}"
EndProject
Global
	GlobalSection(SolutionConfigurationPlatforms) = preSolution
		Debug|Any CPU = Debug|Any CPU
		Release|Any CPU = Release|Any CPU
	EndGlobalSection
	GlobalSection(ProjectConfigurationPlatforms) = postSolution
		{04363C81-D549-460D-AE0F-30EB1CCA669A}.Debug|Any CPU.ActiveCfg = Debug|Any CPU
		{04363C81-D549-460D-AE0F-30EB1CCA669A}.Release|Any CPU.ActiveCfg = Release|Any CPU
	EndGlobalSection
	GlobalSection(SolutionProperties) = preSolution
		HideSolutionNode = FALSE
	EndGlobalSection
	GlobalSection(ExtensibilityGlobals) = postSolution
		SolutionGuid = {810414DC-3C99-4855-9F62-0E180F700220}
	EndGlobalSection
EndGlobal
