
Microsoft Visual Studio Solution File, Format Version 12.00
# Visual Studio Version 16
VisualStudioVersion = 16.0.30406.217
MinimumVisualStudioVersion = 10.0.40219.1
Project("{888888A0-9F3D-457C-B088-3A5042F75D52}") = "MyMain0809", "MyMain0809\MyMain0809.pyproj", "{CA98C68C-2255-4401-B915-8975B827B9B3}"
EndProject
Global
	GlobalSection(SolutionConfigurationPlatforms) = preSolution
		Debug|Any CPU = Debug|Any CPU
		Release|Any CPU = Release|Any CPU
	EndGlobalSection
	GlobalSection(ProjectConfigurationPlatforms) = postSolution
		{CA98C68C-2255-4401-B915-8975B827B9B3}.Debug|Any CPU.ActiveCfg = Debug|Any CPU
		{CA98C68C-2255-4401-B915-8975B827B9B3}.Release|Any CPU.ActiveCfg = Release|Any CPU
	EndGlobalSection
	GlobalSection(SolutionProperties) = preSolution
		HideSolutionNode = FALSE
	EndGlobalSection
	GlobalSection(ExtensibilityGlobals) = postSolution
		SolutionGuid = {AC13A7AE-5D55-4513-9285-FC762DCC16A9}
	EndGlobalSection
EndGlobal
