
Microsoft Visual Studio Solution File, Format Version 12.00
# Visual Studio Version 16
VisualStudioVersion = 16.0.30406.217
MinimumVisualStudioVersion = 10.0.40219.1
Project("{888888A0-9F3D-457C-B088-3A5042F75D52}") = "MyMain0509", "MyMain0509\MyMain0509.pyproj", "{5B6CE22B-9955-46B7-A718-093585BBE316}"
EndProject
Global
	GlobalSection(SolutionConfigurationPlatforms) = preSolution
		Debug|Any CPU = Debug|Any CPU
		Release|Any CPU = Release|Any CPU
	EndGlobalSection
	GlobalSection(ProjectConfigurationPlatforms) = postSolution
		{5B6CE22B-9955-46B7-A718-093585BBE316}.Debug|Any CPU.ActiveCfg = Debug|Any CPU
		{5B6CE22B-9955-46B7-A718-093585BBE316}.Release|Any CPU.ActiveCfg = Release|Any CPU
	EndGlobalSection
	GlobalSection(SolutionProperties) = preSolution
		HideSolutionNode = FALSE
	EndGlobalSection
	GlobalSection(ExtensibilityGlobals) = postSolution
		SolutionGuid = {5396521B-BCCB-4121-B46C-8CFD45E97E0A}
	EndGlobalSection
EndGlobal
